
Microsoft Visual Studio Solution File, Format Version 12.00
# Visual Studio 2012
Project("{FAE04EC0-301F-11D3-BF4B-00C04F79EFBC}") = "NLORM", "NLORM\NLORM.csproj", "{A19B4FE9-E4E4-4DC5-ABCC-1F94D89C9A40}"
EndProject
Project("{FAE04EC0-301F-11D3-BF4B-00C04F79EFBC}") = "NLORM.Core", "NLORM.Core\NLORM.Core.csproj", "{2306E206-1317-41B0-B437-3BD0934B546C}"
EndProject
Project("{FAE04EC0-301F-11D3-BF4B-00C04F79EFBC}") = "NLORM.Core.Test", "NLORM.Core.Test\NLORM.Core.Test.csproj", "{AF9787BA-AC55-4981-924E-01D0CE969B08}"
EndProject
Project("{FAE04EC0-301F-11D3-BF4B-00C04F79EFBC}") = "NLORM.SQLite", "NLORM.SQLite\NLORM.SQLite.csproj", "{8A22EEC9-42E8-481B-B72F-3D99E72D8C53}"
EndProject
Project("{FAE04EC0-301F-11D3-BF4B-00C04F79EFBC}") = "NLORM.SQLite.Test", "NLORM.SQLite.Test\NLORM.SQLite.Test.csproj", "{DFBC31B2-120D-4A69-8F05-7EAFC5621DB5}"
EndProject
Project("{FAE04EC0-301F-11D3-BF4B-00C04F79EFBC}") = "NLORM.MSSQL", "NLORM.MSSQL\NLORM.MSSQL.csproj", "{BB9A9A2E-D5F4-4953-8E46-CD9D60E46222}"
EndProject
Project("{FAE04EC0-301F-11D3-BF4B-00C04F79EFBC}") = "NLORM.MSSQL.Test", "NLORM.MSSQL.Test\NLORM.MSSQL.Test.csproj", "{C812E724-4BAF-4BE1-AB18-43C806223728}"
EndProject
Project("{FAE04EC0-301F-11D3-BF4B-00C04F79EFBC}") = "NLORM.MySql", "NLORM.MySql\NLORM.MySql.csproj", "{C3E047B2-C7A1-455F-8203-490AF9DE8C8D}"
EndProject
Project("{FAE04EC0-301F-11D3-BF4B-00C04F79EFBC}") = "NLORM.MySql.Test", "NLORM.MySql.Test\NLORM.MySql.Test.csproj", "{5B182A02-8B26-4A57-BD4D-25A3328B796D}"
EndProject
Project("{FAE04EC0-301F-11D3-BF4B-00C04F79EFBC}") = "NLORM.Postgresql", "NLORM.Postgresql\NLORM.Postgresql.csproj", "{A5AE31B7-5582-4D25-9D5F-6F878F228A49}"
EndProject
Global
	GlobalSection(SolutionConfigurationPlatforms) = preSolution
		Debug|Any CPU = Debug|Any CPU
		Release|Any CPU = Release|Any CPU
	EndGlobalSection
	GlobalSection(ProjectConfigurationPlatforms) = postSolution
		{A19B4FE9-E4E4-4DC5-ABCC-1F94D89C9A40}.Debug|Any CPU.ActiveCfg = Debug|Any CPU
		{A19B4FE9-E4E4-4DC5-ABCC-1F94D89C9A40}.Debug|Any CPU.Build.0 = Debug|Any CPU
		{A19B4FE9-E4E4-4DC5-ABCC-1F94D89C9A40}.Release|Any CPU.ActiveCfg = Release|Any CPU
		{A19B4FE9-E4E4-4DC5-ABCC-1F94D89C9A40}.Release|Any CPU.Build.0 = Release|Any CPU
		{2306E206-1317-41B0-B437-3BD0934B546C}.Debug|Any CPU.ActiveCfg = Debug|Any CPU
		{2306E206-1317-41B0-B437-3BD0934B546C}.Debug|Any CPU.Build.0 = Debug|Any CPU
		{2306E206-1317-41B0-B437-3BD0934B546C}.Release|Any CPU.ActiveCfg = Release|Any CPU
		{2306E206-1317-41B0-B437-3BD0934B546C}.Release|Any CPU.Build.0 = Release|Any CPU
		{AF9787BA-AC55-4981-924E-01D0CE969B08}.Debug|Any CPU.ActiveCfg = Debug|Any CPU
		{AF9787BA-AC55-4981-924E-01D0CE969B08}.Debug|Any CPU.Build.0 = Debug|Any CPU
		{AF9787BA-AC55-4981-924E-01D0CE969B08}.Release|Any CPU.ActiveCfg = Release|Any CPU
		{AF9787BA-AC55-4981-924E-01D0CE969B08}.Release|Any CPU.Build.0 = Release|Any CPU
		{8A22EEC9-42E8-481B-B72F-3D99E72D8C53}.Debug|Any CPU.ActiveCfg = Debug|Any CPU
		{8A22EEC9-42E8-481B-B72F-3D99E72D8C53}.Debug|Any CPU.Build.0 = Debug|Any CPU
		{8A22EEC9-42E8-481B-B72F-3D99E72D8C53}.Release|Any CPU.ActiveCfg = Release|Any CPU
		{8A22EEC9-42E8-481B-B72F-3D99E72D8C53}.Release|Any CPU.Build.0 = Release|Any CPU
		{DFBC31B2-120D-4A69-8F05-7EAFC5621DB5}.Debug|Any CPU.ActiveCfg = Debug|Any CPU
		{DFBC31B2-120D-4A69-8F05-7EAFC5621DB5}.Debug|Any CPU.Build.0 = Debug|Any CPU
		{DFBC31B2-120D-4A69-8F05-7EAFC5621DB5}.Release|Any CPU.ActiveCfg = Release|Any CPU
		{DFBC31B2-120D-4A69-8F05-7EAFC5621DB5}.Release|Any CPU.Build.0 = Release|Any CPU
		{BB9A9A2E-D5F4-4953-8E46-CD9D60E46222}.Debug|Any CPU.ActiveCfg = Debug|Any CPU
		{BB9A9A2E-D5F4-4953-8E46-CD9D60E46222}.Debug|Any CPU.Build.0 = Debug|Any CPU
		{BB9A9A2E-D5F4-4953-8E46-CD9D60E46222}.Release|Any CPU.ActiveCfg = Release|Any CPU
		{BB9A9A2E-D5F4-4953-8E46-CD9D60E46222}.Release|Any CPU.Build.0 = Release|Any CPU
		{C812E724-4BAF-4BE1-AB18-43C806223728}.Debug|Any CPU.ActiveCfg = Debug|Any CPU
		{C812E724-4BAF-4BE1-AB18-43C806223728}.Debug|Any CPU.Build.0 = Debug|Any CPU
		{C812E724-4BAF-4BE1-AB18-43C806223728}.Release|Any CPU.ActiveCfg = Release|Any CPU
		{C812E724-4BAF-4BE1-AB18-43C806223728}.Release|Any CPU.Build.0 = Release|Any CPU
		{C3E047B2-C7A1-455F-8203-490AF9DE8C8D}.Debug|Any CPU.ActiveCfg = Debug|Any CPU
		{C3E047B2-C7A1-455F-8203-490AF9DE8C8D}.Debug|Any CPU.Build.0 = Debug|Any CPU
		{C3E047B2-C7A1-455F-8203-490AF9DE8C8D}.Release|Any CPU.ActiveCfg = Release|Any CPU
		{C3E047B2-C7A1-455F-8203-490AF9DE8C8D}.Release|Any CPU.Build.0 = Release|Any CPU
		{5B182A02-8B26-4A57-BD4D-25A3328B796D}.Debug|Any CPU.ActiveCfg = Debug|Any CPU
		{5B182A02-8B26-4A57-BD4D-25A3328B796D}.Debug|Any CPU.Build.0 = Debug|Any CPU
		{5B182A02-8B26-4A57-BD4D-25A3328B796D}.Release|Any CPU.ActiveCfg = Release|Any CPU
		{5B182A02-8B26-4A57-BD4D-25A3328B796D}.Release|Any CPU.Build.0 = Release|Any CPU
		{A5AE31B7-5582-4D25-9D5F-6F878F228A49}.Debug|Any CPU.ActiveCfg = Debug|Any CPU
		{A5AE31B7-5582-4D25-9D5F-6F878F228A49}.Debug|Any CPU.Build.0 = Debug|Any CPU
		{A5AE31B7-5582-4D25-9D5F-6F878F228A49}.Release|Any CPU.ActiveCfg = Release|Any CPU
		{A5AE31B7-5582-4D25-9D5F-6F878F228A49}.Release|Any CPU.Build.0 = Release|Any CPU
	EndGlobalSection
	GlobalSection(SolutionProperties) = preSolution
		HideSolutionNode = FALSE
	EndGlobalSection
EndGlobal
